
Microsoft Visual Studio Solution File, Format Version 12.00
# Visual Studio Version 17
VisualStudioVersion = 17.0.32014.148
MinimumVisualStudioVersion = 10.0.40219.1
Project("{2150E333-8FDC-42A3-9474-1A3956D46DE8}") = "SA", "SA", "{FB085B47-4244-4985-9DB1-E45BDFE080B1}"
EndProject
Project("{9A19103F-16F7-4668-BE54-9A1E7A4F7556}") = "SA.Data", "SA.Data\SA.Data.csproj", "{3FEB469F-A124-41EA-AB48-9DAB854E6969}"
EndProject
Project("{9A19103F-16F7-4668-BE54-9A1E7A4F7556}") = "SA.Repository", "SA.Repository\SA.Repository.csproj", "{CE3E9227-288F-4C4A-9EAB-52A05E8A5ED1}"
EndProject
Project("{9A19103F-16F7-4668-BE54-9A1E7A4F7556}") = "SA.Service", "SA.Service\SA.Service.csproj", "{8C4C5470-DBEC-417E-8436-9493A981FE7F}"
EndProject
Project("{9A19103F-16F7-4668-BE54-9A1E7A4F7556}") = "SA.Web", "SA.Web\SA.Web.csproj", "{D0C96454-F2E8-45CC-BCAD-2744AE52CB65}"
EndProject
Global
	GlobalSection(SolutionConfigurationPlatforms) = preSolution
		Debug|Any CPU = Debug|Any CPU
		Release|Any CPU = Release|Any CPU
	EndGlobalSection
	GlobalSection(ProjectConfigurationPlatforms) = postSolution
		{3FEB469F-A124-41EA-AB48-9DAB854E6969}.Debug|Any CPU.ActiveCfg = Debug|Any CPU
		{3FEB469F-A124-41EA-AB48-9DAB854E6969}.Debug|Any CPU.Build.0 = Debug|Any CPU
		{3FEB469F-A124-41EA-AB48-9DAB854E6969}.Release|Any CPU.ActiveCfg = Release|Any CPU
		{3FEB469F-A124-41EA-AB48-9DAB854E6969}.Release|Any CPU.Build.0 = Release|Any CPU
		{CE3E9227-288F-4C4A-9EAB-52A05E8A5ED1}.Debug|Any CPU.ActiveCfg = Debug|Any CPU
		{CE3E9227-288F-4C4A-9EAB-52A05E8A5ED1}.Debug|Any CPU.Build.0 = Debug|Any CPU
		{CE3E9227-288F-4C4A-9EAB-52A05E8A5ED1}.Release|Any CPU.ActiveCfg = Release|Any CPU
		{CE3E9227-288F-4C4A-9EAB-52A05E8A5ED1}.Release|Any CPU.Build.0 = Release|Any CPU
		{8C4C5470-DBEC-417E-8436-9493A981FE7F}.Debug|Any CPU.ActiveCfg = Debug|Any CPU
		{8C4C5470-DBEC-417E-8436-9493A981FE7F}.Debug|Any CPU.Build.0 = Debug|Any CPU
		{8C4C5470-DBEC-417E-8436-9493A981FE7F}.Release|Any CPU.ActiveCfg = Release|Any CPU
		{8C4C5470-DBEC-417E-8436-9493A981FE7F}.Release|Any CPU.Build.0 = Release|Any CPU
		{D0C96454-F2E8-45CC-BCAD-2744AE52CB65}.Debug|Any CPU.ActiveCfg = Debug|Any CPU
		{D0C96454-F2E8-45CC-BCAD-2744AE52CB65}.Debug|Any CPU.Build.0 = Debug|Any CPU
		{D0C96454-F2E8-45CC-BCAD-2744AE52CB65}.Release|Any CPU.ActiveCfg = Release|Any CPU
		{D0C96454-F2E8-45CC-BCAD-2744AE52CB65}.Release|Any CPU.Build.0 = Release|Any CPU
	EndGlobalSection
	GlobalSection(SolutionProperties) = preSolution
		HideSolutionNode = FALSE
	EndGlobalSection
	GlobalSection(NestedProjects) = preSolution
		{3FEB469F-A124-41EA-AB48-9DAB854E6969} = {FB085B47-4244-4985-9DB1-E45BDFE080B1}
		{CE3E9227-288F-4C4A-9EAB-52A05E8A5ED1} = {FB085B47-4244-4985-9DB1-E45BDFE080B1}
		{8C4C5470-DBEC-417E-8436-9493A981FE7F} = {FB085B47-4244-4985-9DB1-E45BDFE080B1}
		{D0C96454-F2E8-45CC-BCAD-2744AE52CB65} = {FB085B47-4244-4985-9DB1-E45BDFE080B1}
	EndGlobalSection
	GlobalSection(ExtensibilityGlobals) = postSolution
		SolutionGuid = {09896E17-2C20-4F29-99DE-796A043D5EBB}
	EndGlobalSection
EndGlobal
